
Microsoft Visual Studio Solution File, Format Version 12.00
# Visual Studio Version 16
VisualStudioVersion = 16.0.31105.61
MinimumVisualStudioVersion = 10.0.40219.1
Project("{FAE04EC0-301F-11D3-BF4B-00C04F79EFBC}") = "Big Text Generator", "Big Text Generator\Big Text Generator.csproj", "{7C496FD7-8A5D-42DA-97A8-FB9083D5B5BA}"
EndProject
Global
	GlobalSection(SolutionConfigurationPlatforms) = preSolution
		Debug|Any CPU = Debug|Any CPU
		Release|Any CPU = Release|Any CPU
	EndGlobalSection
	GlobalSection(ProjectConfigurationPlatforms) = postSolution
		{7C496FD7-8A5D-42DA-97A8-FB9083D5B5BA}.Debug|Any CPU.ActiveCfg = Debug|Any CPU
		{7C496FD7-8A5D-42DA-97A8-FB9083D5B5BA}.Debug|Any CPU.Build.0 = Debug|Any CPU
		{7C496FD7-8A5D-42DA-97A8-FB9083D5B5BA}.Release|Any CPU.ActiveCfg = Release|Any CPU
		{7C496FD7-8A5D-42DA-97A8-FB9083D5B5BA}.Release|Any CPU.Build.0 = Release|Any CPU
	EndGlobalSection
	GlobalSection(SolutionProperties) = preSolution
		HideSolutionNode = FALSE
	EndGlobalSection
	GlobalSection(ExtensibilityGlobals) = postSolution
		SolutionGuid = {B97C8034-EE33-47D1-A184-A83FF59FD02A}
	EndGlobalSection
EndGlobal
